{
  "version": "4",
  "specifiers": {
    "jsr:@std/assert@^1.0.9": "1.0.11",
    "jsr:@std/expect@1": "1.0.9",
    "jsr:@std/fmt@1": "1.0.5",
    "jsr:@std/internal@^1.0.5": "1.0.5",
    "npm:date-fns@4": "4.1.0",
    "npm:is-what@5": "5.0.2"
  },
  "jsr": {
    "@std/assert@1.0.11": {
      "integrity": "2461ef3c368fe88bc60e186e7744a93112f16fd110022e113a0849e94d1c83c1",
      "dependencies": [
        "jsr:@std/internal"
      ]
    },
    "@std/expect@1.0.9": {
      "integrity": "108bb428f17492ac40439479e1dc55fbaae581530e905a8603f97305842a5a01",
      "dependencies": [
        "jsr:@std/assert",
        "jsr:@std/internal"
      ]
    },
    "@std/fmt@1.0.5": {
      "integrity": "0cfab43364bc36650d83c425cd6d99910fc20c4576631149f0f987eddede1a4d"
    },
    "@std/internal@1.0.5": {
      "integrity": "54a546004f769c1ac9e025abd15a76b6671ddc9687e2313b67376125650dc7ba"
    }
  },
  "npm": {
    "date-fns@4.1.0": {
      "integrity": "sha512-Ukq0owbQXxa/U3EGtsdVBkR1w7KOQ5gIBqdH2hkvknzZPYvBxb/aa6E8L7tmjFtkwZBu3UXBbjIgPo/Ez4xaNg=="
    },
    "is-what@5.0.2": {
      "integrity": "sha512-vI7Ui0qzNQ2ClDZd0bC7uqRk3T1imbX5cZODmVlqqdqiwmSIUX3CNSiRgFjFMJ987sVCMSa7xZeEDtpJduPg4A=="
    }
  },
  "workspace": {
    "dependencies": [
      "jsr:@std/expect@1",
      "jsr:@std/fmt@1",
      "npm:date-fns@4",
      "npm:is-what@5"
    ]
  }
}
